// !$*UTF8*$!
{
	archiveVersion = 1;
	classes = {
	};
	objectVersion = 46;
	objects = {

/* Begin PBXBuildFile section */
		4EA5F7D5D38B1DF63EF3322F /* libPods.a in Frameworks */ = {isa = PBXBuildFile; fileRef = B3CDDBB308E1E7466EFB6FFC /* libPods.a */; };
		5D32EC0B1CC4A31F00C50969 /* MoreViewController.m in Sources */ = {isa = PBXBuildFile; fileRef = 5D32EC001CC4A31F00C50969 /* MoreViewController.m */; };
		5D32EC0C1CC4A31F00C50969 /* MoreTableViewCell.m in Sources */ = {isa = PBXBuildFile; fileRef = 5D32EC021CC4A31F00C50969 /* MoreTableViewCell.m */; };
		5D32EC0D1CC4A31F00C50969 /* CalendarViewController.m in Sources */ = {isa = PBXBuildFile; fileRef = 5D32EC041CC4A31F00C50969 /* CalendarViewController.m */; };
		5D32EC0E1CC4A31F00C50969 /* MessagesViewController.m in Sources */ = {isa = PBXBuildFile; fileRef = 5D32EC061CC4A31F00C50969 /* MessagesViewController.m */; };
		5D32EC0F1CC4A31F00C50969 /* MatchesViewController.m in Sources */ = {isa = PBXBuildFile; fileRef = 5D32EC081CC4A31F00C50969 /* MatchesViewController.m */; };
		5D32EC101CC4A31F00C50969 /* HomeViewController.m in Sources */ = {isa = PBXBuildFile; fileRef = 5D32EC0A1CC4A31F00C50969 /* HomeViewController.m */; };
		5D9361971CC5F40B0004F030 /* UITextField+Border.m in Sources */ = {isa = PBXBuildFile; fileRef = 5D9361961CC5F40B0004F030 /* UITextField+Border.m */; };
		5D93619D1CC606190004F030 /* MatchesTableViewCell.m in Sources */ = {isa = PBXBuildFile; fileRef = 5D93619C1CC606190004F030 /* MatchesTableViewCell.m */; };
		B771FB6D1CBE200C006CBA32 /* Roboto-Black.ttf in Resources */ = {isa = PBXBuildFile; fileRef = B771FB671CBE200C006CBA32 /* Roboto-Black.ttf */; };
		B771FB6E1CBE200C006CBA32 /* Roboto-Bold.ttf in Resources */ = {isa = PBXBuildFile; fileRef = B771FB681CBE200C006CBA32 /* Roboto-Bold.ttf */; };
		B771FB6F1CBE200C006CBA32 /* Roboto-Italic.ttf in Resources */ = {isa = PBXBuildFile; fileRef = B771FB691CBE200C006CBA32 /* Roboto-Italic.ttf */; };
		B771FB701CBE200C006CBA32 /* Roboto-Light.ttf in Resources */ = {isa = PBXBuildFile; fileRef = B771FB6A1CBE200C006CBA32 /* Roboto-Light.ttf */; };
		B771FB711CBE200C006CBA32 /* Roboto-Medium.ttf in Resources */ = {isa = PBXBuildFile; fileRef = B771FB6B1CBE200C006CBA32 /* Roboto-Medium.ttf */; };
		B771FB721CBE200C006CBA32 /* Roboto-Regular.ttf in Resources */ = {isa = PBXBuildFile; fileRef = B771FB6C1CBE200C006CBA32 /* Roboto-Regular.ttf */; };
		B776959B1CBF537D00794005 /* UITextField+Validations.m in Sources */ = {isa = PBXBuildFile; fileRef = B776959A1CBF537D00794005 /* UITextField+Validations.m */; };
		B776959F1CBF590100794005 /* UITextField+Padding.m in Sources */ = {isa = PBXBuildFile; fileRef = B776959E1CBF590100794005 /* UITextField+Padding.m */; };
		B77695A31CBF594E00794005 /* UIView+RoundedCorner.m in Sources */ = {isa = PBXBuildFile; fileRef = B77695A21CBF594E00794005 /* UIView+RoundedCorner.m */; };
		B77695A71CBF615400794005 /* ForgotPasswordViewController.m in Sources */ = {isa = PBXBuildFile; fileRef = B77695A61CBF615400794005 /* ForgotPasswordViewController.m */; };
		B77695AD1CBF70E400794005 /* GlobalBackViewController.m in Sources */ = {isa = PBXBuildFile; fileRef = B77695AC1CBF70E400794005 /* GlobalBackViewController.m */; };
		B77695C51CBFB4F300794005 /* UIImage+ImageEffects.m in Sources */ = {isa = PBXBuildFile; fileRef = B77695B51CBFB4F300794005 /* UIImage+ImageEffects.m */; };
		B77695C61CBFB4F300794005 /* SCLAlertView.m in Sources */ = {isa = PBXBuildFile; fileRef = B77695B71CBFB4F300794005 /* SCLAlertView.m */; };
		B77695C71CBFB4F300794005 /* SCLButton.m in Sources */ = {isa = PBXBuildFile; fileRef = B77695B91CBFB4F300794005 /* SCLButton.m */; };
		B77695C81CBFB4F300794005 /* SCLAlertViewResponder.m in Sources */ = {isa = PBXBuildFile; fileRef = B77695BB1CBFB4F300794005 /* SCLAlertViewResponder.m */; };
		B77695C91CBFB4F300794005 /* SCLAlertViewStyleKit.m in Sources */ = {isa = PBXBuildFile; fileRef = B77695BD1CBFB4F300794005 /* SCLAlertViewStyleKit.m */; };
		B77695CA1CBFB4F300794005 /* SCLTimerDisplay.m in Sources */ = {isa = PBXBuildFile; fileRef = B77695C01CBFB4F300794005 /* SCLTimerDisplay.m */; };
		B77695CB1CBFB4F300794005 /* SCLTextView.m in Sources */ = {isa = PBXBuildFile; fileRef = B77695C21CBFB4F300794005 /* SCLTextView.m */; };
		B77695CC1CBFB4F300794005 /* SCLSwitchView.m in Sources */ = {isa = PBXBuildFile; fileRef = B77695C41CBFB4F300794005 /* SCLSwitchView.m */; };
		B7A8DD6A1CAE2BF2007F56B6 /* main.m in Sources */ = {isa = PBXBuildFile; fileRef = B7A8DD691CAE2BF2007F56B6 /* main.m */; };
		B7A8DD6D1CAE2BF2007F56B6 /* FinderAppDelegate.m in Sources */ = {isa = PBXBuildFile; fileRef = B7A8DD6C1CAE2BF2007F56B6 /* FinderAppDelegate.m */; };
		B7A8DD751CAE2BF2007F56B6 /* Assets.xcassets in Resources */ = {isa = PBXBuildFile; fileRef = B7A8DD741CAE2BF2007F56B6 /* Assets.xcassets */; };
		B7A8DDC11CAE5B50007F56B6 /* BSKeyboardControls.m in Sources */ = {isa = PBXBuildFile; fileRef = B7A8DDC01CAE5B50007F56B6 /* BSKeyboardControls.m */; };
		B7A8DDC41CAE5B69007F56B6 /* MMMaterialDesignSpinner.m in Sources */ = {isa = PBXBuildFile; fileRef = B7A8DDC31CAE5B69007F56B6 /* MMMaterialDesignSpinner.m */; };
		B7A8DDCB1CAE5BD4007F56B6 /* UserDefaultManager.m in Sources */ = {isa = PBXBuildFile; fileRef = B7A8DDCA1CAE5BD4007F56B6 /* UserDefaultManager.m */; };
		B7A8DDCE1CAE5C32007F56B6 /* NullValueChecker.m in Sources */ = {isa = PBXBuildFile; fileRef = B7A8DDCD1CAE5C32007F56B6 /* NullValueChecker.m */; };
		B7A8DDDC1CAE5FC8007F56B6 /* LoginViewController.m in Sources */ = {isa = PBXBuildFile; fileRef = B7A8DDDB1CAE5FC8007F56B6 /* LoginViewController.m */; };
		B7A8DDDF1CAE60BB007F56B6 /* Main.storyboard in Resources */ = {isa = PBXBuildFile; fileRef = B7A8DDDD1CAE60BB007F56B6 /* Main.storyboard */; };
		B7DCE4531CBB9E5D0063FF72 /* Webservice.m in Sources */ = {isa = PBXBuildFile; fileRef = B7DCE4521CBB9E5D0063FF72 /* Webservice.m */; };
		B7E024C01CC4D5B100707552 /* CoreLocation.framework in Frameworks */ = {isa = PBXBuildFile; fileRef = B7E024BF1CC4D5B100707552 /* CoreLocation.framework */; };
		B7E024C41CC5089E00707552 /* ConferenceDataModel.m in Sources */ = {isa = PBXBuildFile; fileRef = B7E024C31CC5089E00707552 /* ConferenceDataModel.m */; };
		B7EAC1701CC5D58F001C4EEC /* UserService.m in Sources */ = {isa = PBXBuildFile; fileRef = B7EAC16F1CC5D58F001C4EEC /* UserService.m */; };
		B7EAC1761CC5DBE9001C4EEC /* ConferenceService.m in Sources */ = {isa = PBXBuildFile; fileRef = B7EAC1751CC5DBE9001C4EEC /* ConferenceService.m */; };
		B7EAC1801CC5ED06001C4EEC /* SettingsViewController.m in Sources */ = {isa = PBXBuildFile; fileRef = B7EAC17F1CC5ED06001C4EEC /* SettingsViewController.m */; };
		B7EAC1861CC62681001C4EEC /* RESwitch.m in Sources */ = {isa = PBXBuildFile; fileRef = B7EAC1851CC62681001C4EEC /* RESwitch.m */; };
		B7EAC18B1CC63328001C4EEC /* SettingsViewCell.m in Sources */ = {isa = PBXBuildFile; fileRef = B7EAC18A1CC63328001C4EEC /* SettingsViewCell.m */; };
		B7EAC18D1CC639E7001C4EEC /* RESwitch.bundle in Resources */ = {isa = PBXBuildFile; fileRef = B7EAC18C1CC639E7001C4EEC /* RESwitch.bundle */; };
		B7F9C62E1CBE4195003ACFBE /* FontAwesome.ttf in Resources */ = {isa = PBXBuildFile; fileRef = B7F9C62D1CBE4195003ACFBE /* FontAwesome.ttf */; };
/* End PBXBuildFile section */

/* Begin PBXFileReference section */
		3BC11A7BA5B0C8C8355243E8 /* Pods.release.xcconfig */ = {isa = PBXFileReference; includeInIndex = 1; lastKnownFileType = text.xcconfig; name = Pods.release.xcconfig; path = "Pods/Target Support Files/Pods/Pods.release.xcconfig"; sourceTree = "<group>"; };
		5D32EBFF1CC4A31F00C50969 /* MoreViewController.h */ = {isa = PBXFileReference; fileEncoding = 4; lastKnownFileType = sourcecode.c.h; path = MoreViewController.h; sourceTree = "<group>"; };
		5D32EC001CC4A31F00C50969 /* MoreViewController.m */ = {isa = PBXFileReference; fileEncoding = 4; lastKnownFileType = sourcecode.c.objc; path = MoreViewController.m; sourceTree = "<group>"; };
		5D32EC011CC4A31F00C50969 /* MoreTableViewCell.h */ = {isa = PBXFileReference; fileEncoding = 4; lastKnownFileType = sourcecode.c.h; path = MoreTableViewCell.h; sourceTree = "<group>"; };
		5D32EC021CC4A31F00C50969 /* MoreTableViewCell.m */ = {isa = PBXFileReference; fileEncoding = 4; lastKnownFileType = sourcecode.c.objc; path = MoreTableViewCell.m; sourceTree = "<group>"; };
		5D32EC031CC4A31F00C50969 /* CalendarViewController.h */ = {isa = PBXFileReference; fileEncoding = 4; lastKnownFileType = sourcecode.c.h; path = CalendarViewController.h; sourceTree = "<group>"; };
		5D32EC041CC4A31F00C50969 /* CalendarViewController.m */ = {isa = PBXFileReference; fileEncoding = 4; lastKnownFileType = sourcecode.c.objc; path = CalendarViewController.m; sourceTree = "<group>"; };
		5D32EC051CC4A31F00C50969 /* MessagesViewController.h */ = {isa = PBXFileReference; fileEncoding = 4; lastKnownFileType = sourcecode.c.h; path = MessagesViewController.h; sourceTree = "<group>"; };
		5D32EC061CC4A31F00C50969 /* MessagesViewController.m */ = {isa = PBXFileReference; fileEncoding = 4; lastKnownFileType = sourcecode.c.objc; path = MessagesViewController.m; sourceTree = "<group>"; };
		5D32EC071CC4A31F00C50969 /* MatchesViewController.h */ = {isa = PBXFileReference; fileEncoding = 4; lastKnownFileType = sourcecode.c.h; path = MatchesViewController.h; sourceTree = "<group>"; };
		5D32EC081CC4A31F00C50969 /* MatchesViewController.m */ = {isa = PBXFileReference; fileEncoding = 4; lastKnownFileType = sourcecode.c.objc; path = MatchesViewController.m; sourceTree = "<group>"; };
		5D32EC091CC4A31F00C50969 /* HomeViewController.h */ = {isa = PBXFileReference; fileEncoding = 4; lastKnownFileType = sourcecode.c.h; path = HomeViewController.h; sourceTree = "<group>"; };
		5D32EC0A1CC4A31F00C50969 /* HomeViewController.m */ = {isa = PBXFileReference; fileEncoding = 4; lastKnownFileType = sourcecode.c.objc; path = HomeViewController.m; sourceTree = "<group>"; };
		5D9361951CC5F40B0004F030 /* UITextField+Border.h */ = {isa = PBXFileReference; fileEncoding = 4; lastKnownFileType = sourcecode.c.h; path = "UITextField+Border.h"; sourceTree = "<group>"; };
		5D9361961CC5F40B0004F030 /* UITextField+Border.m */ = {isa = PBXFileReference; fileEncoding = 4; lastKnownFileType = sourcecode.c.objc; path = "UITextField+Border.m"; sourceTree = "<group>"; };
		5D93619B1CC606190004F030 /* MatchesTableViewCell.h */ = {isa = PBXFileReference; fileEncoding = 4; lastKnownFileType = sourcecode.c.h; path = MatchesTableViewCell.h; sourceTree = "<group>"; };
		5D93619C1CC606190004F030 /* MatchesTableViewCell.m */ = {isa = PBXFileReference; fileEncoding = 4; lastKnownFileType = sourcecode.c.objc; path = MatchesTableViewCell.m; sourceTree = "<group>"; };
		B3CDDBB308E1E7466EFB6FFC /* libPods.a */ = {isa = PBXFileReference; explicitFileType = archive.ar; includeInIndex = 0; path = libPods.a; sourceTree = BUILT_PRODUCTS_DIR; };
		B771FB671CBE200C006CBA32 /* Roboto-Black.ttf */ = {isa = PBXFileReference; lastKnownFileType = file; path = "Roboto-Black.ttf"; sourceTree = "<group>"; };
		B771FB681CBE200C006CBA32 /* Roboto-Bold.ttf */ = {isa = PBXFileReference; lastKnownFileType = file; path = "Roboto-Bold.ttf"; sourceTree = "<group>"; };
		B771FB691CBE200C006CBA32 /* Roboto-Italic.ttf */ = {isa = PBXFileReference; lastKnownFileType = file; path = "Roboto-Italic.ttf"; sourceTree = "<group>"; };
		B771FB6A1CBE200C006CBA32 /* Roboto-Light.ttf */ = {isa = PBXFileReference; lastKnownFileType = file; path = "Roboto-Light.ttf"; sourceTree = "<group>"; };
		B771FB6B1CBE200C006CBA32 /* Roboto-Medium.ttf */ = {isa = PBXFileReference; lastKnownFileType = file; path = "Roboto-Medium.ttf"; sourceTree = "<group>"; };
		B771FB6C1CBE200C006CBA32 /* Roboto-Regular.ttf */ = {isa = PBXFileReference; lastKnownFileType = file; path = "Roboto-Regular.ttf"; sourceTree = "<group>"; };
		B77695991CBF537D00794005 /* UITextField+Validations.h */ = {isa = PBXFileReference; fileEncoding = 4; lastKnownFileType = sourcecode.c.h; path = "UITextField+Validations.h"; sourceTree = "<group>"; };
		B776959A1CBF537D00794005 /* UITextField+Validations.m */ = {isa = PBXFileReference; fileEncoding = 4; lastKnownFileType = sourcecode.c.objc; path = "UITextField+Validations.m"; sourceTree = "<group>"; };
		B776959D1CBF590100794005 /* UITextField+Padding.h */ = {isa = PBXFileReference; fileEncoding = 4; lastKnownFileType = sourcecode.c.h; path = "UITextField+Padding.h"; sourceTree = "<group>"; };
		B776959E1CBF590100794005 /* UITextField+Padding.m */ = {isa = PBXFileReference; fileEncoding = 4; lastKnownFileType = sourcecode.c.objc; path = "UITextField+Padding.m"; sourceTree = "<group>"; };
		B77695A11CBF594E00794005 /* UIView+RoundedCorner.h */ = {isa = PBXFileReference; fileEncoding = 4; lastKnownFileType = sourcecode.c.h; path = "UIView+RoundedCorner.h"; sourceTree = "<group>"; };
		B77695A21CBF594E00794005 /* UIView+RoundedCorner.m */ = {isa = PBXFileReference; fileEncoding = 4; lastKnownFileType = sourcecode.c.objc; path = "UIView+RoundedCorner.m"; sourceTree = "<group>"; };
		B77695A51CBF615400794005 /* ForgotPasswordViewController.h */ = {isa = PBXFileReference; fileEncoding = 4; lastKnownFileType = sourcecode.c.h; path = ForgotPasswordViewController.h; sourceTree = "<group>"; };
		B77695A61CBF615400794005 /* ForgotPasswordViewController.m */ = {isa = PBXFileReference; fileEncoding = 4; lastKnownFileType = sourcecode.c.objc; path = ForgotPasswordViewController.m; sourceTree = "<group>"; };
		B77695AB1CBF70E400794005 /* GlobalBackViewController.h */ = {isa = PBXFileReference; fileEncoding = 4; lastKnownFileType = sourcecode.c.h; path = GlobalBackViewController.h; sourceTree = "<group>"; };
		B77695AC1CBF70E400794005 /* GlobalBackViewController.m */ = {isa = PBXFileReference; fileEncoding = 4; lastKnownFileType = sourcecode.c.objc; path = GlobalBackViewController.m; sourceTree = "<group>"; };
		B77695B41CBFB4F300794005 /* UIImage+ImageEffects.h */ = {isa = PBXFileReference; fileEncoding = 4; lastKnownFileType = sourcecode.c.h; path = "UIImage+ImageEffects.h"; sourceTree = "<group>"; };
		B77695B51CBFB4F300794005 /* UIImage+ImageEffects.m */ = {isa = PBXFileReference; fileEncoding = 4; lastKnownFileType = sourcecode.c.objc; path = "UIImage+ImageEffects.m"; sourceTree = "<group>"; };
		B77695B61CBFB4F300794005 /* SCLAlertView.h */ = {isa = PBXFileReference; fileEncoding = 4; lastKnownFileType = sourcecode.c.h; path = SCLAlertView.h; sourceTree = "<group>"; };
		B77695B71CBFB4F300794005 /* SCLAlertView.m */ = {isa = PBXFileReference; fileEncoding = 4; lastKnownFileType = sourcecode.c.objc; path = SCLAlertView.m; sourceTree = "<group>"; };
		B77695B81CBFB4F300794005 /* SCLButton.h */ = {isa = PBXFileReference; fileEncoding = 4; lastKnownFileType = sourcecode.c.h; path = SCLButton.h; sourceTree = "<group>"; };
		B77695B91CBFB4F300794005 /* SCLButton.m */ = {isa = PBXFileReference; fileEncoding = 4; lastKnownFileType = sourcecode.c.objc; path = SCLButton.m; sourceTree = "<group>"; };
		B77695BA1CBFB4F300794005 /* SCLAlertViewResponder.h */ = {isa = PBXFileReference; fileEncoding = 4; lastKnownFileType = sourcecode.c.h; path = SCLAlertViewResponder.h; sourceTree = "<group>"; };
		B77695BB1CBFB4F300794005 /* SCLAlertViewResponder.m */ = {isa = PBXFileReference; fileEncoding = 4; lastKnownFileType = sourcecode.c.objc; path = SCLAlertViewResponder.m; sourceTree = "<group>"; };
		B77695BC1CBFB4F300794005 /* SCLAlertViewStyleKit.h */ = {isa = PBXFileReference; fileEncoding = 4; lastKnownFileType = sourcecode.c.h; path = SCLAlertViewStyleKit.h; sourceTree = "<group>"; };
		B77695BD1CBFB4F300794005 /* SCLAlertViewStyleKit.m */ = {isa = PBXFileReference; fileEncoding = 4; lastKnownFileType = sourcecode.c.objc; path = SCLAlertViewStyleKit.m; sourceTree = "<group>"; };
		B77695BE1CBFB4F300794005 /* SCLMacros.h */ = {isa = PBXFileReference; fileEncoding = 4; lastKnownFileType = sourcecode.c.h; path = SCLMacros.h; sourceTree = "<group>"; };
		B77695BF1CBFB4F300794005 /* SCLTimerDisplay.h */ = {isa = PBXFileReference; fileEncoding = 4; lastKnownFileType = sourcecode.c.h; path = SCLTimerDisplay.h; sourceTree = "<group>"; };
		B77695C01CBFB4F300794005 /* SCLTimerDisplay.m */ = {isa = PBXFileReference; fileEncoding = 4; lastKnownFileType = sourcecode.c.objc; path = SCLTimerDisplay.m; sourceTree = "<group>"; };
		B77695C11CBFB4F300794005 /* SCLTextView.h */ = {isa = PBXFileReference; fileEncoding = 4; lastKnownFileType = sourcecode.c.h; path = SCLTextView.h; sourceTree = "<group>"; };
		B77695C21CBFB4F300794005 /* SCLTextView.m */ = {isa = PBXFileReference; fileEncoding = 4; lastKnownFileType = sourcecode.c.objc; path = SCLTextView.m; sourceTree = "<group>"; };
		B77695C31CBFB4F300794005 /* SCLSwitchView.h */ = {isa = PBXFileReference; fileEncoding = 4; lastKnownFileType = sourcecode.c.h; path = SCLSwitchView.h; sourceTree = "<group>"; };
		B77695C41CBFB4F300794005 /* SCLSwitchView.m */ = {isa = PBXFileReference; fileEncoding = 4; lastKnownFileType = sourcecode.c.objc; path = SCLSwitchView.m; sourceTree = "<group>"; };
		B7A8DD651CAE2BF2007F56B6 /* Finder_iPhoneApp.app */ = {isa = PBXFileReference; explicitFileType = wrapper.application; includeInIndex = 0; path = Finder_iPhoneApp.app; sourceTree = BUILT_PRODUCTS_DIR; };
		B7A8DD691CAE2BF2007F56B6 /* main.m */ = {isa = PBXFileReference; lastKnownFileType = sourcecode.c.objc; name = main.m; path = "Supporting Files/main.m"; sourceTree = "<group>"; };
		B7A8DD6B1CAE2BF2007F56B6 /* FinderAppDelegate.h */ = {isa = PBXFileReference; lastKnownFileType = sourcecode.c.h; path = FinderAppDelegate.h; sourceTree = "<group>"; };
		B7A8DD6C1CAE2BF2007F56B6 /* FinderAppDelegate.m */ = {isa = PBXFileReference; lastKnownFileType = sourcecode.c.objc; path = FinderAppDelegate.m; sourceTree = "<group>"; };
		B7A8DD741CAE2BF2007F56B6 /* Assets.xcassets */ = {isa = PBXFileReference; lastKnownFileType = folder.assetcatalog; path = Assets.xcassets; sourceTree = "<group>"; };
		B7A8DD791CAE2BF2007F56B6 /* Info.plist */ = {isa = PBXFileReference; lastKnownFileType = text.plist.xml; name = Info.plist; path = "Supporting Files/Info.plist"; sourceTree = "<group>"; };
		B7A8DD851CAE31BB007F56B6 /* Finder-Prefix.pch */ = {isa = PBXFileReference; lastKnownFileType = sourcecode.c.h; name = "Finder-Prefix.pch"; path = "Supporting Files/Finder-Prefix.pch"; sourceTree = "<group>"; };
		B7A8DDBF1CAE5B50007F56B6 /* BSKeyboardControls.h */ = {isa = PBXFileReference; fileEncoding = 4; lastKnownFileType = sourcecode.c.h; path = BSKeyboardControls.h; sourceTree = "<group>"; };
		B7A8DDC01CAE5B50007F56B6 /* BSKeyboardControls.m */ = {isa = PBXFileReference; fileEncoding = 4; lastKnownFileType = sourcecode.c.objc; path = BSKeyboardControls.m; sourceTree = "<group>"; };
		B7A8DDC21CAE5B69007F56B6 /* MMMaterialDesignSpinner.h */ = {isa = PBXFileReference; fileEncoding = 4; lastKnownFileType = sourcecode.c.h; path = MMMaterialDesignSpinner.h; sourceTree = "<group>"; };
		B7A8DDC31CAE5B69007F56B6 /* MMMaterialDesignSpinner.m */ = {isa = PBXFileReference; fileEncoding = 4; lastKnownFileType = sourcecode.c.objc; path = MMMaterialDesignSpinner.m; sourceTree = "<group>"; };
		B7A8DDC91CAE5BD4007F56B6 /* UserDefaultManager.h */ = {isa = PBXFileReference; fileEncoding = 4; lastKnownFileType = sourcecode.c.h; path = UserDefaultManager.h; sourceTree = "<group>"; };
		B7A8DDCA1CAE5BD4007F56B6 /* UserDefaultManager.m */ = {isa = PBXFileReference; fileEncoding = 4; lastKnownFileType = sourcecode.c.objc; path = UserDefaultManager.m; sourceTree = "<group>"; };
		B7A8DDCC1CAE5C32007F56B6 /* NullValueChecker.h */ = {isa = PBXFileReference; fileEncoding = 4; lastKnownFileType = sourcecode.c.h; path = NullValueChecker.h; sourceTree = "<group>"; };
		B7A8DDCD1CAE5C32007F56B6 /* NullValueChecker.m */ = {isa = PBXFileReference; fileEncoding = 4; lastKnownFileType = sourcecode.c.objc; path = NullValueChecker.m; sourceTree = "<group>"; };
		B7A8DDCF1CAE5C3A007F56B6 /* GAI.h */ = {isa = PBXFileReference; lastKnownFileType = sourcecode.c.h; path = GAI.h; sourceTree = "<group>"; };
		B7A8DDD01CAE5C3A007F56B6 /* GAIDictionaryBuilder.h */ = {isa = PBXFileReference; lastKnownFileType = sourcecode.c.h; path = GAIDictionaryBuilder.h; sourceTree = "<group>"; };
		B7A8DDD11CAE5C3A007F56B6 /* GAIEcommerceFields.h */ = {isa = PBXFileReference; lastKnownFileType = sourcecode.c.h; path = GAIEcommerceFields.h; sourceTree = "<group>"; };
		B7A8DDD21CAE5C3A007F56B6 /* GAIEcommerceProduct.h */ = {isa = PBXFileReference; lastKnownFileType = sourcecode.c.h; path = GAIEcommerceProduct.h; sourceTree = "<group>"; };
		B7A8DDD31CAE5C3A007F56B6 /* GAIEcommerceProductAction.h */ = {isa = PBXFileReference; lastKnownFileType = sourcecode.c.h; path = GAIEcommerceProductAction.h; sourceTree = "<group>"; };
		B7A8DDD41CAE5C3A007F56B6 /* GAIEcommercePromotion.h */ = {isa = PBXFileReference; lastKnownFileType = sourcecode.c.h; path = GAIEcommercePromotion.h; sourceTree = "<group>"; };
		B7A8DDD51CAE5C3A007F56B6 /* GAIFields.h */ = {isa = PBXFileReference; lastKnownFileType = sourcecode.c.h; path = GAIFields.h; sourceTree = "<group>"; };
		B7A8DDD61CAE5C3A007F56B6 /* GAILogger.h */ = {isa = PBXFileReference; lastKnownFileType = sourcecode.c.h; path = GAILogger.h; sourceTree = "<group>"; };
		B7A8DDD71CAE5C3A007F56B6 /* GAITrackedViewController.h */ = {isa = PBXFileReference; lastKnownFileType = sourcecode.c.h; path = GAITrackedViewController.h; sourceTree = "<group>"; };
		B7A8DDD81CAE5C3A007F56B6 /* GAITracker.h */ = {isa = PBXFileReference; lastKnownFileType = sourcecode.c.h; path = GAITracker.h; sourceTree = "<group>"; };
		B7A8DDDA1CAE5FC8007F56B6 /* LoginViewController.h */ = {isa = PBXFileReference; fileEncoding = 4; lastKnownFileType = sourcecode.c.h; path = LoginViewController.h; sourceTree = "<group>"; };
		B7A8DDDB1CAE5FC8007F56B6 /* LoginViewController.m */ = {isa = PBXFileReference; fileEncoding = 4; lastKnownFileType = sourcecode.c.objc; path = LoginViewController.m; sourceTree = "<group>"; };
		B7A8DDDE1CAE60BB007F56B6 /* Base */ = {isa = PBXFileReference; lastKnownFileType = file.storyboard; name = Base; path = Base.lproj/Main.storyboard; sourceTree = "<group>"; };
		B7DCE4511CBB9E5D0063FF72 /* Webservice.h */ = {isa = PBXFileReference; fileEncoding = 4; lastKnownFileType = sourcecode.c.h; path = Webservice.h; sourceTree = SOURCE_ROOT; };
		B7DCE4521CBB9E5D0063FF72 /* Webservice.m */ = {isa = PBXFileReference; fileEncoding = 4; lastKnownFileType = sourcecode.c.objc; path = Webservice.m; sourceTree = SOURCE_ROOT; };
		B7E024BF1CC4D5B100707552 /* CoreLocation.framework */ = {isa = PBXFileReference; lastKnownFileType = wrapper.framework; name = CoreLocation.framework; path = System/Library/Frameworks/CoreLocation.framework; sourceTree = SDKROOT; };
		B7E024C21CC5089E00707552 /* ConferenceDataModel.h */ = {isa = PBXFileReference; fileEncoding = 4; lastKnownFileType = sourcecode.c.h; path = ConferenceDataModel.h; sourceTree = SOURCE_ROOT; };
		B7E024C31CC5089E00707552 /* ConferenceDataModel.m */ = {isa = PBXFileReference; fileEncoding = 4; lastKnownFileType = sourcecode.c.objc; path = ConferenceDataModel.m; sourceTree = SOURCE_ROOT; };
		B7EAC16E1CC5D58F001C4EEC /* UserService.h */ = {isa = PBXFileReference; fileEncoding = 4; lastKnownFileType = sourcecode.c.h; path = UserService.h; sourceTree = SOURCE_ROOT; };
		B7EAC16F1CC5D58F001C4EEC /* UserService.m */ = {isa = PBXFileReference; fileEncoding = 4; lastKnownFileType = sourcecode.c.objc; path = UserService.m; sourceTree = SOURCE_ROOT; };
		B7EAC1741CC5DBE9001C4EEC /* ConferenceService.h */ = {isa = PBXFileReference; fileEncoding = 4; lastKnownFileType = sourcecode.c.h; path = ConferenceService.h; sourceTree = SOURCE_ROOT; };
		B7EAC1751CC5DBE9001C4EEC /* ConferenceService.m */ = {isa = PBXFileReference; fileEncoding = 4; lastKnownFileType = sourcecode.c.objc; path = ConferenceService.m; sourceTree = SOURCE_ROOT; };
		B7EAC17E1CC5ED06001C4EEC /* SettingsViewController.h */ = {isa = PBXFileReference; fileEncoding = 4; lastKnownFileType = sourcecode.c.h; path = SettingsViewController.h; sourceTree = "<group>"; };
		B7EAC17F1CC5ED06001C4EEC /* SettingsViewController.m */ = {isa = PBXFileReference; fileEncoding = 4; lastKnownFileType = sourcecode.c.objc; path = SettingsViewController.m; sourceTree = "<group>"; };
		B7EAC1841CC62681001C4EEC /* RESwitch.h */ = {isa = PBXFileReference; fileEncoding = 4; lastKnownFileType = sourcecode.c.h; path = RESwitch.h; sourceTree = "<group>"; };
		B7EAC1851CC62681001C4EEC /* RESwitch.m */ = {isa = PBXFileReference; fileEncoding = 4; lastKnownFileType = sourcecode.c.objc; path = RESwitch.m; sourceTree = "<group>"; };
		B7EAC1891CC63328001C4EEC /* SettingsViewCell.h */ = {isa = PBXFileReference; fileEncoding = 4; lastKnownFileType = sourcecode.c.h; path = SettingsViewCell.h; sourceTree = "<group>"; };
		B7EAC18A1CC63328001C4EEC /* SettingsViewCell.m */ = {isa = PBXFileReference; fileEncoding = 4; lastKnownFileType = sourcecode.c.objc; path = SettingsViewCell.m; sourceTree = "<group>"; };
		B7EAC18C1CC639E7001C4EEC /* RESwitch.bundle */ = {isa = PBXFileReference; lastKnownFileType = "wrapper.plug-in"; path = RESwitch.bundle; sourceTree = "<group>"; };
		B7F9C62D1CBE4195003ACFBE /* FontAwesome.ttf */ = {isa = PBXFileReference; lastKnownFileType = file; path = FontAwesome.ttf; sourceTree = "<group>"; };
		C05F8A8FD36EE5AC5DD42364 /* Pods.debug.xcconfig */ = {isa = PBXFileReference; includeInIndex = 1; lastKnownFileType = text.xcconfig; name = Pods.debug.xcconfig; path = "Pods/Target Support Files/Pods/Pods.debug.xcconfig"; sourceTree = "<group>"; };
/* End PBXFileReference section */

/* Begin PBXFrameworksBuildPhase section */
		B7A8DD621CAE2BF2007F56B6 /* Frameworks */ = {
			isa = PBXFrameworksBuildPhase;
			buildActionMask = 2147483647;
			files = (
				B7E024C01CC4D5B100707552 /* CoreLocation.framework in Frameworks */,
				4EA5F7D5D38B1DF63EF3322F /* libPods.a in Frameworks */,
			);
			runOnlyForDeploymentPostprocessing = 0;
		};
/* End PBXFrameworksBuildPhase section */

/* Begin PBXGroup section */
		28552D1F9668D4BE3E623A4F /* Frameworks */ = {
			isa = PBXGroup;
			children = (
				B7E024BF1CC4D5B100707552 /* CoreLocation.framework */,
				B3CDDBB308E1E7466EFB6FFC /* libPods.a */,
			);
			name = Frameworks;
			sourceTree = "<group>";
		};
		589A5FC10A15A4B4361E0559 /* Pods */ = {
			isa = PBXGroup;
			children = (
				C05F8A8FD36EE5AC5DD42364 /* Pods.debug.xcconfig */,
				3BC11A7BA5B0C8C8355243E8 /* Pods.release.xcconfig */,
			);
			name = Pods;
			sourceTree = "<group>";
		};
		5D32EC111CC4A32400C50969 /* MoreView */ = {
			isa = PBXGroup;
			children = (
				B7E024BD1CC4B8B600707552 /* MoreViewController */,
				B7E024BE1CC4B8C200707552 /* MoreViewCell */,
			);
			name = MoreView;
			sourceTree = "<group>";
		};
		5D32EC121CC4A33600C50969 /* CalendarViewController */ = {
			isa = PBXGroup;
			children = (
				5D32EC031CC4A31F00C50969 /* CalendarViewController.h */,
				5D32EC041CC4A31F00C50969 /* CalendarViewController.m */,
			);
			name = CalendarViewController;
			sourceTree = "<group>";
		};
		5D32EC131CC4A34600C50969 /* MessagesViewController */ = {
			isa = PBXGroup;
			children = (
				5D32EC051CC4A31F00C50969 /* MessagesViewController.h */,
				5D32EC061CC4A31F00C50969 /* MessagesViewController.m */,
			);
			name = MessagesViewController;
			sourceTree = "<group>";
		};
		5D32EC141CC4A35C00C50969 /* MatchesViewController */ = {
			isa = PBXGroup;
			children = (
				5D9361991CC605A70004F030 /* MatchesViewController */,
				5D93619A1CC605B50004F030 /* MatchesViewCell */,
			);
			name = MatchesViewController;
			sourceTree = "<group>";
		};
		5D32EC151CC4A36D00C50969 /* HomeViewController */ = {
			isa = PBXGroup;
			children = (
				5D32EC091CC4A31F00C50969 /* HomeViewController.h */,
				5D32EC0A1CC4A31F00C50969 /* HomeViewController.m */,
			);
			name = HomeViewController;
			sourceTree = "<group>";
		};
		5D9361981CC5F4190004F030 /* TextFieldBorderCategory */ = {
			isa = PBXGroup;
			children = (
				5D9361951CC5F40B0004F030 /* UITextField+Border.h */,
				5D9361961CC5F40B0004F030 /* UITextField+Border.m */,
			);
			name = TextFieldBorderCategory;
			sourceTree = "<group>";
		};
		5D9361991CC605A70004F030 /* MatchesViewController */ = {
			isa = PBXGroup;
			children = (
				5D32EC071CC4A31F00C50969 /* MatchesViewController.h */,
				5D32EC081CC4A31F00C50969 /* MatchesViewController.m */,
			);
			name = MatchesViewController;
			sourceTree = "<group>";
		};
		5D93619A1CC605B50004F030 /* MatchesViewCell */ = {
			isa = PBXGroup;
			children = (
				5D93619B1CC606190004F030 /* MatchesTableViewCell.h */,
				5D93619C1CC606190004F030 /* MatchesTableViewCell.m */,
			);
			name = MatchesViewCell;
			sourceTree = "<group>";
		};
		B771FB661CBE2001006CBA32 /* Font */ = {
			isa = PBXGroup;
			children = (
				B7F9C62D1CBE4195003ACFBE /* FontAwesome.ttf */,
				B771FB671CBE200C006CBA32 /* Roboto-Black.ttf */,
				B771FB681CBE200C006CBA32 /* Roboto-Bold.ttf */,
				B771FB691CBE200C006CBA32 /* Roboto-Italic.ttf */,
				B771FB6A1CBE200C006CBA32 /* Roboto-Light.ttf */,
				B771FB6B1CBE200C006CBA32 /* Roboto-Medium.ttf */,
				B771FB6C1CBE200C006CBA32 /* Roboto-Regular.ttf */,
			);
			name = Font;
			sourceTree = "<group>";
		};
		B77695981CBF534E00794005 /* ValidationCategory */ = {
			isa = PBXGroup;
			children = (
				B77695991CBF537D00794005 /* UITextField+Validations.h */,
				B776959A1CBF537D00794005 /* UITextField+Validations.m */,
			);
			name = ValidationCategory;
			sourceTree = "<group>";
		};
		B776959C1CBF58F400794005 /* PaddingCategory */ = {
			isa = PBXGroup;
			children = (
				B776959D1CBF590100794005 /* UITextField+Padding.h */,
				B776959E1CBF590100794005 /* UITextField+Padding.m */,
			);
			name = PaddingCategory;
			sourceTree = "<group>";
		};
		B77695A01CBF593C00794005 /* CornderRadius */ = {
			isa = PBXGroup;
			children = (
				B77695A11CBF594E00794005 /* UIView+RoundedCorner.h */,
				B77695A21CBF594E00794005 /* UIView+RoundedCorner.m */,
			);
			name = CornderRadius;
			sourceTree = "<group>";
		};
		B77695A41CBF613000794005 /* ForgotPasswordViewController */ = {
			isa = PBXGroup;
			children = (
				B77695A51CBF615400794005 /* ForgotPasswordViewController.h */,
				B77695A61CBF615400794005 /* ForgotPasswordViewController.m */,
			);
			name = ForgotPasswordViewController;
			sourceTree = "<group>";
		};
		B77695A81CBF704D00794005 /* LoginModule */ = {
			isa = PBXGroup;
			children = (
				B77695A41CBF613000794005 /* ForgotPasswordViewController */,
				B7A8DD841CAE2FE1007F56B6 /* LoginViewController */,
			);
			name = LoginModule;
			sourceTree = "<group>";
		};
		B77695A91CBF70C500794005 /* GlobalViewController */ = {
			isa = PBXGroup;
			children = (
				B77695AA1CBF70D500794005 /* GlobalBackViewController */,
			);
			name = GlobalViewController;
			sourceTree = "<group>";
		};
		B77695AA1CBF70D500794005 /* GlobalBackViewController */ = {
			isa = PBXGroup;
			children = (
				B77695AB1CBF70E400794005 /* GlobalBackViewController.h */,
				B77695AC1CBF70E400794005 /* GlobalBackViewController.m */,
			);
			name = GlobalBackViewController;
			sourceTree = "<group>";
		};
		B7A8DD5C1CAE2BF2007F56B6 = {
			isa = PBXGroup;
			children = (
				B7A8DD671CAE2BF2007F56B6 /* FinderApp */,
				B7A8DD661CAE2BF2007F56B6 /* Products */,
				589A5FC10A15A4B4361E0559 /* Pods */,
				28552D1F9668D4BE3E623A4F /* Frameworks */,
			);
			sourceTree = "<group>";
		};
		B7A8DD661CAE2BF2007F56B6 /* Products */ = {
			isa = PBXGroup;
			children = (
				B7A8DD651CAE2BF2007F56B6 /* Finder_iPhoneApp.app */,
			);
			name = Products;
			sourceTree = "<group>";
		};
		B7A8DD671CAE2BF2007F56B6 /* FinderApp */ = {
			isa = PBXGroup;
			children = (
				B7A8DDE01CAE7284007F56B6 /* AppDelegate */,
				B7A8DD7F1CAE2CE3007F56B6 /* Classes */,
				B7A8DD681CAE2BF2007F56B6 /* Supporting Files */,
				B7A8DDDD1CAE60BB007F56B6 /* Main.storyboard */,
			);
			path = FinderApp;
			sourceTree = "<group>";
		};
		B7A8DD681CAE2BF2007F56B6 /* Supporting Files */ = {
			isa = PBXGroup;
			children = (
				B771FB661CBE2001006CBA32 /* Font */,
				B7A8DD741CAE2BF2007F56B6 /* Assets.xcassets */,
				B7A8DD791CAE2BF2007F56B6 /* Info.plist */,
				B7A8DD691CAE2BF2007F56B6 /* main.m */,
				B7A8DD851CAE31BB007F56B6 /* Finder-Prefix.pch */,
			);
			name = "Supporting Files";
			sourceTree = "<group>";
		};
		B7A8DD7F1CAE2CE3007F56B6 /* Classes */ = {
			isa = PBXGroup;
			children = (
				B7A8DDD91CAE5CBD007F56B6 /* SupportingClasses */,
				B7A8DD811CAE2D1E007F56B6 /* Model */,
				B7A8DD801CAE2CE9007F56B6 /* Views */,
				B7A8DD821CAE2D27007F56B6 /* Controllers */,
			);
			path = Classes;
			sourceTree = "<group>";
		};
		B7A8DD801CAE2CE9007F56B6 /* Views */ = {
			isa = PBXGroup;
			children = (
				5D9361981CC5F4190004F030 /* TextFieldBorderCategory */,
				B77695A01CBF593C00794005 /* CornderRadius */,
				B776959C1CBF58F400794005 /* PaddingCategory */,
				B77695981CBF534E00794005 /* ValidationCategory */,
				B7A8DDB61CAE5943007F56B6 /* AlertView */,
				B7A8DDB51CAE58F7007F56B6 /* MMMaterialDesignSpinner */,
				B7A8DDB31CAE58AD007F56B6 /* BSKeyboardControls */,
			);
			path = Views;
			sourceTree = "<group>";
		};
		B7A8DD811CAE2D1E007F56B6 /* Model */ = {
			isa = PBXGroup;
			children = (
				B7DCE4501CBB9DC50063FF72 /* Webservice */,
				B7EAC1771CC5DDF8001C4EEC /* DataModel */,
			);
			path = Model;
			sourceTree = "<group>";
		};
		B7A8DD821CAE2D27007F56B6 /* Controllers */ = {
			isa = PBXGroup;
			children = (
				B77695A91CBF70C500794005 /* GlobalViewController */,
				B77695A81CBF704D00794005 /* LoginModule */,
				B7EAC17C1CC5ECC7001C4EEC /* ConferenceDetailModule */,
				B7EAC17B1CC5ECAB001C4EEC /* CalenderScheduleModule */,
				B7EAC17A1CC5EC9E001C4EEC /* MessageModule */,
				B7EAC1791CC5EC89001C4EEC /* MatchesModule */,
				B7EAC1781CC5EC7A001C4EEC /* MoreModule */,
				B7A8DDB11CAE586F007F56B6 /* ChangePasswordViewController */,
			);
			path = Controllers;
			sourceTree = "<group>";
		};
		B7A8DD841CAE2FE1007F56B6 /* LoginViewController */ = {
			isa = PBXGroup;
			children = (
				B7A8DDDA1CAE5FC8007F56B6 /* LoginViewController.h */,
				B7A8DDDB1CAE5FC8007F56B6 /* LoginViewController.m */,
			);
			path = LoginViewController;
			sourceTree = "<group>";
		};
		B7A8DDB11CAE586F007F56B6 /* ChangePasswordViewController */ = {
			isa = PBXGroup;
			children = (
			);
			name = ChangePasswordViewController;
			path = Classes/Controllers/ChangePasswordViewController;
			sourceTree = "<group>";
		};
		B7A8DDB31CAE58AD007F56B6 /* BSKeyboardControls */ = {
			isa = PBXGroup;
			children = (
				B7A8DDBF1CAE5B50007F56B6 /* BSKeyboardControls.h */,
				B7A8DDC01CAE5B50007F56B6 /* BSKeyboardControls.m */,
			);
			path = BSKeyboardControls;
			sourceTree = "<group>";
		};
		B7A8DDB51CAE58F7007F56B6 /* MMMaterialDesignSpinner */ = {
			isa = PBXGroup;
			children = (
				B7A8DDC21CAE5B69007F56B6 /* MMMaterialDesignSpinner.h */,
				B7A8DDC31CAE5B69007F56B6 /* MMMaterialDesignSpinner.m */,
			);
			path = MMMaterialDesignSpinner;
			sourceTree = "<group>";
		};
		B7A8DDB61CAE5943007F56B6 /* AlertView */ = {
			isa = PBXGroup;
			children = (
				B77695B41CBFB4F300794005 /* UIImage+ImageEffects.h */,
				B77695B51CBFB4F300794005 /* UIImage+ImageEffects.m */,
				B77695B61CBFB4F300794005 /* SCLAlertView.h */,
				B77695B71CBFB4F300794005 /* SCLAlertView.m */,
				B77695B81CBFB4F300794005 /* SCLButton.h */,
				B77695B91CBFB4F300794005 /* SCLButton.m */,
				B77695BA1CBFB4F300794005 /* SCLAlertViewResponder.h */,
				B77695BB1CBFB4F300794005 /* SCLAlertViewResponder.m */,
				B77695BC1CBFB4F300794005 /* SCLAlertViewStyleKit.h */,
				B77695BD1CBFB4F300794005 /* SCLAlertViewStyleKit.m */,
				B77695BE1CBFB4F300794005 /* SCLMacros.h */,
				B77695BF1CBFB4F300794005 /* SCLTimerDisplay.h */,
				B77695C01CBFB4F300794005 /* SCLTimerDisplay.m */,
				B77695C11CBFB4F300794005 /* SCLTextView.h */,
				B77695C21CBFB4F300794005 /* SCLTextView.m */,
				B77695C31CBFB4F300794005 /* SCLSwitchView.h */,
				B77695C41CBFB4F300794005 /* SCLSwitchView.m */,
			);
			path = AlertView;
			sourceTree = "<group>";
		};
		B7A8DDBA1CAE5965007F56B6 /* GoogleAnalytics */ = {
			isa = PBXGroup;
			children = (
				B7A8DDCF1CAE5C3A007F56B6 /* GAI.h */,
				B7A8DDD01CAE5C3A007F56B6 /* GAIDictionaryBuilder.h */,
				B7A8DDD11CAE5C3A007F56B6 /* GAIEcommerceFields.h */,
				B7A8DDD21CAE5C3A007F56B6 /* GAIEcommerceProduct.h */,
				B7A8DDD31CAE5C3A007F56B6 /* GAIEcommerceProductAction.h */,
				B7A8DDD41CAE5C3A007F56B6 /* GAIEcommercePromotion.h */,
				B7A8DDD51CAE5C3A007F56B6 /* GAIFields.h */,
				B7A8DDD61CAE5C3A007F56B6 /* GAILogger.h */,
				B7A8DDD71CAE5C3A007F56B6 /* GAITrackedViewController.h */,
				B7A8DDD81CAE5C3A007F56B6 /* GAITracker.h */,
			);
			path = GoogleAnalytics;
			sourceTree = "<group>";
		};
		B7A8DDBB1CAE5994007F56B6 /* NullHandler */ = {
			isa = PBXGroup;
			children = (
				B7A8DDCC1CAE5C32007F56B6 /* NullValueChecker.h */,
				B7A8DDCD1CAE5C32007F56B6 /* NullValueChecker.m */,
			);
			path = NullHandler;
			sourceTree = "<group>";
		};
		B7A8DDC81CAE5BAB007F56B6 /* DefaultManager */ = {
			isa = PBXGroup;
			children = (
				B7A8DDC91CAE5BD4007F56B6 /* UserDefaultManager.h */,
				B7A8DDCA1CAE5BD4007F56B6 /* UserDefaultManager.m */,
			);
			path = DefaultManager;
			sourceTree = "<group>";
		};
		B7A8DDD91CAE5CBD007F56B6 /* SupportingClasses */ = {
			isa = PBXGroup;
			children = (
				B7A8DDC81CAE5BAB007F56B6 /* DefaultManager */,
				B7A8DDBB1CAE5994007F56B6 /* NullHandler */,
				B7A8DDBA1CAE5965007F56B6 /* GoogleAnalytics */,
			);
			path = SupportingClasses;
			sourceTree = "<group>";
		};
		B7A8DDE01CAE7284007F56B6 /* AppDelegate */ = {
			isa = PBXGroup;
			children = (
				B7A8DD6B1CAE2BF2007F56B6 /* FinderAppDelegate.h */,
				B7A8DD6C1CAE2BF2007F56B6 /* FinderAppDelegate.m */,
			);
			name = AppDelegate;
			sourceTree = "<group>";
		};
		B7DCE4501CBB9DC50063FF72 /* Webservice */ = {
			isa = PBXGroup;
			children = (
				B7EAC1731CC5DBD1001C4EEC /* ConferenceServiceModule */,
				B7EAC1721CC5DBB6001C4EEC /* UserServiceModule */,
				B7EAC1711CC5DBA4001C4EEC /* GlobalService */,
			);
			name = Webservice;
			sourceTree = "<group>";
		};
		B7E024BD1CC4B8B600707552 /* MoreViewController */ = {
			isa = PBXGroup;
			children = (
				5D32EBFF1CC4A31F00C50969 /* MoreViewController.h */,
				5D32EC001CC4A31F00C50969 /* MoreViewController.m */,
			);
			name = MoreViewController;
			sourceTree = "<group>";
		};
		B7E024BE1CC4B8C200707552 /* MoreViewCell */ = {
			isa = PBXGroup;
			children = (
				5D32EC011CC4A31F00C50969 /* MoreTableViewCell.h */,
				5D32EC021CC4A31F00C50969 /* MoreTableViewCell.m */,
			);
			name = MoreViewCell;
			sourceTree = "<group>";
		};
		B7E024C11CC5087A00707552 /* ConferenceModel */ = {
			isa = PBXGroup;
			children = (
				B7E024C21CC5089E00707552 /* ConferenceDataModel.h */,
				B7E024C31CC5089E00707552 /* ConferenceDataModel.m */,
			);
			name = ConferenceModel;
			sourceTree = "<group>";
		};
		B7EAC1711CC5DBA4001C4EEC /* GlobalService */ = {
			isa = PBXGroup;
			children = (
				B7DCE4511CBB9E5D0063FF72 /* Webservice.h */,
				B7DCE4521CBB9E5D0063FF72 /* Webservice.m */,
			);
			name = GlobalService;
			sourceTree = "<group>";
		};
		B7EAC1721CC5DBB6001C4EEC /* UserServiceModule */ = {
			isa = PBXGroup;
			children = (
				B7EAC16E1CC5D58F001C4EEC /* UserService.h */,
				B7EAC16F1CC5D58F001C4EEC /* UserService.m */,
			);
			name = UserServiceModule;
			sourceTree = "<group>";
		};
		B7EAC1731CC5DBD1001C4EEC /* ConferenceServiceModule */ = {
			isa = PBXGroup;
			children = (
				B7EAC1741CC5DBE9001C4EEC /* ConferenceService.h */,
				B7EAC1751CC5DBE9001C4EEC /* ConferenceService.m */,
			);
			name = ConferenceServiceModule;
			sourceTree = "<group>";
		};
		B7EAC1771CC5DDF8001C4EEC /* DataModel */ = {
			isa = PBXGroup;
			children = (
				B7E024C11CC5087A00707552 /* ConferenceModel */,
			);
			name = DataModel;
			sourceTree = "<group>";
		};
		B7EAC1781CC5EC7A001C4EEC /* MoreModule */ = {
			isa = PBXGroup;
			children = (
				B7EAC17D1CC5ECE8001C4EEC /* SettingsView */,
				5D32EC111CC4A32400C50969 /* MoreView */,
			);
			name = MoreModule;
			sourceTree = "<group>";
		};
		B7EAC1791CC5EC89001C4EEC /* MatchesModule */ = {
			isa = PBXGroup;
			children = (
				5D32EC141CC4A35C00C50969 /* MatchesViewController */,
			);
			name = MatchesModule;
			sourceTree = "<group>";
		};
		B7EAC17A1CC5EC9E001C4EEC /* MessageModule */ = {
			isa = PBXGroup;
			children = (
				5D32EC131CC4A34600C50969 /* MessagesViewController */,
			);
			name = MessageModule;
			sourceTree = "<group>";
		};
		B7EAC17B1CC5ECAB001C4EEC /* CalenderScheduleModule */ = {
			isa = PBXGroup;
			children = (
				5D32EC121CC4A33600C50969 /* CalendarViewController */,
			);
			name = CalenderScheduleModule;
			sourceTree = "<group>";
		};
		B7EAC17C1CC5ECC7001C4EEC /* ConferenceDetailModule */ = {
			isa = PBXGroup;
			children = (
				5D32EC151CC4A36D00C50969 /* HomeViewController */,
			);
			name = ConferenceDetailModule;
			sourceTree = "<group>";
		};
		B7EAC17D1CC5ECE8001C4EEC /* SettingsView */ = {
			isa = PBXGroup;
			children = (
				B7EAC1881CC63307001C4EEC /* SettingsViewCell */,
				B7EAC1871CC632EA001C4EEC /* SettingViewController */,
			);
			name = SettingsView;
			sourceTree = "<group>";
		};
		B7EAC1831CC6266C001C4EEC /* RESwitch */ = {
			isa = PBXGroup;
			children = (
				B7EAC18C1CC639E7001C4EEC /* RESwitch.bundle */,
				B7EAC1841CC62681001C4EEC /* RESwitch.h */,
				B7EAC1851CC62681001C4EEC /* RESwitch.m */,
			);
			name = RESwitch;
			sourceTree = "<group>";
		};
		B7EAC1871CC632EA001C4EEC /* SettingViewController */ = {
			isa = PBXGroup;
			children = (
				B7EAC17E1CC5ED06001C4EEC /* SettingsViewController.h */,
				B7EAC17F1CC5ED06001C4EEC /* SettingsViewController.m */,
			);
			name = SettingViewController;
			sourceTree = "<group>";
		};
		B7EAC1881CC63307001C4EEC /* SettingsViewCell */ = {
			isa = PBXGroup;
			children = (
				B7EAC1891CC63328001C4EEC /* SettingsViewCell.h */,
				B7EAC18A1CC63328001C4EEC /* SettingsViewCell.m */,
			);
			name = SettingsViewCell;
			sourceTree = "<group>";
		};
/* End PBXGroup section */

/* Begin PBXNativeTarget section */
		B7A8DD641CAE2BF2007F56B6 /* Finder_iPhoneApp */ = {
			isa = PBXNativeTarget;
			buildConfigurationList = B7A8DD7C1CAE2BF2007F56B6 /* Build configuration list for PBXNativeTarget "Finder_iPhoneApp" */;
			buildPhases = (
				4D7D651A331B7D1A6273BF77 /* Check Pods Manifest.lock */,
				B7A8DD611CAE2BF2007F56B6 /* Sources */,
				B7A8DD621CAE2BF2007F56B6 /* Frameworks */,
				B7A8DD631CAE2BF2007F56B6 /* Resources */,
				8C1AA7DA22E4D3D74422F1F7 /* Embed Pods Frameworks */,
				30CBA52A152489E254111AFE /* Copy Pods Resources */,
			);
			buildRules = (
			);
			dependencies = (
			);
			name = Finder_iPhoneApp;
			productName = FinderApp;
			productReference = B7A8DD651CAE2BF2007F56B6 /* Finder_iPhoneApp.app */;
			productType = "com.apple.product-type.application";
		};
/* End PBXNativeTarget section */

/* Begin PBXProject section */
		B7A8DD5D1CAE2BF2007F56B6 /* Project object */ = {
			isa = PBXProject;
			attributes = {
				LastUpgradeCheck = 0720;
				ORGANIZATIONNAME = Ranosys;
				TargetAttributes = {
					B7A8DD641CAE2BF2007F56B6 = {
						CreatedOnToolsVersion = 7.2;
						DevelopmentTeam = T7GN63HCDX;
						SystemCapabilities = {
							com.apple.BackgroundModes = {
								enabled = 1;
							};
						};
					};
				};
			};
			buildConfigurationList = B7A8DD601CAE2BF2007F56B6 /* Build configuration list for PBXProject "Finder_iPhoneApp" */;
			compatibilityVersion = "Xcode 3.2";
			developmentRegion = English;
			hasScannedForEncodings = 0;
			knownRegions = (
				en,
				Base,
			);
			mainGroup = B7A8DD5C1CAE2BF2007F56B6;
			productRefGroup = B7A8DD661CAE2BF2007F56B6 /* Products */;
			projectDirPath = "";
			projectRoot = "";
			targets = (
				B7A8DD641CAE2BF2007F56B6 /* Finder_iPhoneApp */,
			);
		};
/* End PBXProject section */

/* Begin PBXResourcesBuildPhase section */
		B7A8DD631CAE2BF2007F56B6 /* Resources */ = {
			isa = PBXResourcesBuildPhase;
			buildActionMask = 2147483647;
			files = (
				B7A8DDDF1CAE60BB007F56B6 /* Main.storyboard in Resources */,
				B7A8DD751CAE2BF2007F56B6 /* Assets.xcassets in Resources */,
				B7EAC18D1CC639E7001C4EEC /* RESwitch.bundle in Resources */,
				B771FB721CBE200C006CBA32 /* Roboto-Regular.ttf in Resources */,
				B771FB701CBE200C006CBA32 /* Roboto-Light.ttf in Resources */,
				B771FB711CBE200C006CBA32 /* Roboto-Medium.ttf in Resources */,
				B7F9C62E1CBE4195003ACFBE /* FontAwesome.ttf in Resources */,
				B771FB6F1CBE200C006CBA32 /* Roboto-Italic.ttf in Resources */,
				B771FB6E1CBE200C006CBA32 /* Roboto-Bold.ttf in Resources */,
				B771FB6D1CBE200C006CBA32 /* Roboto-Black.ttf in Resources */,
			);
			runOnlyForDeploymentPostprocessing = 0;
		};
/* End PBXResourcesBuildPhase section */

/* Begin PBXShellScriptBuildPhase section */
		30CBA52A152489E254111AFE /* Copy Pods Resources */ = {
			isa = PBXShellScriptBuildPhase;
			buildActionMask = 2147483647;
			files = (
			);
			inputPaths = (
			);
			name = "Copy Pods Resources";
			outputPaths = (
			);
			runOnlyForDeploymentPostprocessing = 0;
			shellPath = /bin/sh;
			shellScript = "\"${SRCROOT}/Pods/Target Support Files/Pods/Pods-resources.sh\"\n";
			showEnvVarsInLog = 0;
		};
		4D7D651A331B7D1A6273BF77 /* Check Pods Manifest.lock */ = {
			isa = PBXShellScriptBuildPhase;
			buildActionMask = 2147483647;
			files = (
			);
			inputPaths = (
			);
			name = "Check Pods Manifest.lock";
			outputPaths = (
			);
			runOnlyForDeploymentPostprocessing = 0;
			shellPath = /bin/sh;
			shellScript = "diff \"${PODS_ROOT}/../Podfile.lock\" \"${PODS_ROOT}/Manifest.lock\" > /dev/null\nif [[ $? != 0 ]] ; then\n    cat << EOM\nerror: The sandbox is not in sync with the Podfile.lock. Run 'pod install' or update your CocoaPods installation.\nEOM\n    exit 1\nfi\n";
			showEnvVarsInLog = 0;
		};
		8C1AA7DA22E4D3D74422F1F7 /* Embed Pods Frameworks */ = {
			isa = PBXShellScriptBuildPhase;
			buildActionMask = 2147483647;
			files = (
			);
			inputPaths = (
			);
			name = "Embed Pods Frameworks";
			outputPaths = (
			);
			runOnlyForDeploymentPostprocessing = 0;
			shellPath = /bin/sh;
			shellScript = "\"${SRCROOT}/Pods/Target Support Files/Pods/Pods-frameworks.sh\"\n";
			showEnvVarsInLog = 0;
		};
/* End PBXShellScriptBuildPhase section */

/* Begin PBXSourcesBuildPhase section */
		B7A8DD611CAE2BF2007F56B6 /* Sources */ = {
			isa = PBXSourcesBuildPhase;
			buildActionMask = 2147483647;
			files = (
				B776959B1CBF537D00794005 /* UITextField+Validations.m in Sources */,
				5D32EC0E1CC4A31F00C50969 /* MessagesViewController.m in Sources */,
				B7A8DDDC1CAE5FC8007F56B6 /* LoginViewController.m in Sources */,
				B77695C51CBFB4F300794005 /* UIImage+ImageEffects.m in Sources */,
				B7A8DD6D1CAE2BF2007F56B6 /* FinderAppDelegate.m in Sources */,
				5D32EC0D1CC4A31F00C50969 /* CalendarViewController.m in Sources */,
				5D32EC0C1CC4A31F00C50969 /* MoreTableViewCell.m in Sources */,
				B77695C71CBFB4F300794005 /* SCLButton.m in Sources */,
				B7EAC18B1CC63328001C4EEC /* SettingsViewCell.m in Sources */,
				5D32EC0F1CC4A31F00C50969 /* MatchesViewController.m in Sources */,
				B77695CC1CBFB4F300794005 /* SCLSwitchView.m in Sources */,
				B77695C91CBFB4F300794005 /* SCLAlertViewStyleKit.m in Sources */,
				B7E024C41CC5089E00707552 /* ConferenceDataModel.m in Sources */,
				B776959F1CBF590100794005 /* UITextField+Padding.m in Sources */,
				B77695C61CBFB4F300794005 /* SCLAlertView.m in Sources */,
				B7EAC1861CC62681001C4EEC /* RESwitch.m in Sources */,
				5D32EC0B1CC4A31F00C50969 /* MoreViewController.m in Sources */,
				B7A8DDCE1CAE5C32007F56B6 /* NullValueChecker.m in Sources */,
				5D9361971CC5F40B0004F030 /* UITextField+Border.m in Sources */,
				B7DCE4531CBB9E5D0063FF72 /* Webservice.m in Sources */,
				B7A8DDC11CAE5B50007F56B6 /* BSKeyboardControls.m in Sources */,
				B7A8DDCB1CAE5BD4007F56B6 /* UserDefaultManager.m in Sources */,
				B7A8DDC41CAE5B69007F56B6 /* MMMaterialDesignSpinner.m in Sources */,
				B77695CA1CBFB4F300794005 /* SCLTimerDisplay.m in Sources */,
				B77695CB1CBFB4F300794005 /* SCLTextView.m in Sources */,
				B77695C81CBFB4F300794005 /* SCLAlertViewResponder.m in Sources */,
				B7EAC1761CC5DBE9001C4EEC /* ConferenceService.m in Sources */,
				5D93619D1CC606190004F030 /* MatchesTableViewCell.m in Sources */,
				B77695AD1CBF70E400794005 /* GlobalBackViewController.m in Sources */,
				B7EAC1801CC5ED06001C4EEC /* SettingsViewController.m in Sources */,
				5D32EC101CC4A31F00C50969 /* HomeViewController.m in Sources */,
				B77695A71CBF615400794005 /* ForgotPasswordViewController.m in Sources */,
				B7EAC1701CC5D58F001C4EEC /* UserService.m in Sources */,
				B7A8DD6A1CAE2BF2007F56B6 /* main.m in Sources */,
				B77695A31CBF594E00794005 /* UIView+RoundedCorner.m in Sources */,
			);
			runOnlyForDeploymentPostprocessing = 0;
		};
/* End PBXSourcesBuildPhase section */

/* Begin PBXVariantGroup section */
		B7A8DDDD1CAE60BB007F56B6 /* Main.storyboard */ = {
			isa = PBXVariantGroup;
			children = (
				B7A8DDDE1CAE60BB007F56B6 /* Base */,
			);
			name = Main.storyboard;
			sourceTree = "<group>";
		};
/* End PBXVariantGroup section */

/* Begin XCBuildConfiguration section */
		B7A8DD7A1CAE2BF2007F56B6 /* Debug */ = {
			isa = XCBuildConfiguration;
			buildSettings = {
				ALWAYS_SEARCH_USER_PATHS = NO;
				CLANG_CXX_LANGUAGE_STANDARD = "gnu++0x";
				CLANG_CXX_LIBRARY = "libc++";
				CLANG_ENABLE_MODULES = YES;
				CLANG_ENABLE_OBJC_ARC = YES;
				CLANG_WARN_BOOL_CONVERSION = YES;
				CLANG_WARN_CONSTANT_CONVERSION = YES;
				CLANG_WARN_DIRECT_OBJC_ISA_USAGE = YES_ERROR;
				CLANG_WARN_EMPTY_BODY = YES;
				CLANG_WARN_ENUM_CONVERSION = YES;
				CLANG_WARN_INT_CONVERSION = YES;
				CLANG_WARN_OBJC_ROOT_CLASS = YES_ERROR;
				CLANG_WARN_UNREACHABLE_CODE = YES;
				CLANG_WARN__DUPLICATE_METHOD_MATCH = YES;
				"CODE_SIGN_IDENTITY[sdk=iphoneos*]" = "iPhone Developer";
				COPY_PHASE_STRIP = NO;
				DEBUG_INFORMATION_FORMAT = dwarf;
				ENABLE_STRICT_OBJC_MSGSEND = YES;
				ENABLE_TESTABILITY = YES;
				GCC_C_LANGUAGE_STANDARD = gnu99;
				GCC_DYNAMIC_NO_PIC = NO;
				GCC_NO_COMMON_BLOCKS = YES;
				GCC_OPTIMIZATION_LEVEL = 0;
				GCC_PREFIX_HEADER = "/Users/Ranosys/Documents/FinderApp/Finder_iPhoneApp/FinderApp/Supporting Files/Finder-Prefix.pch";
				GCC_PREPROCESSOR_DEFINITIONS = (
					"DEBUG=1",
					"$(inherited)",
				);
				GCC_WARN_64_TO_32_BIT_CONVERSION = YES;
				GCC_WARN_ABOUT_RETURN_TYPE = YES_ERROR;
				GCC_WARN_UNDECLARED_SELECTOR = YES;
				GCC_WARN_UNINITIALIZED_AUTOS = YES_AGGRESSIVE;
				GCC_WARN_UNUSED_FUNCTION = YES;
				GCC_WARN_UNUSED_VARIABLE = YES;
				IPHONEOS_DEPLOYMENT_TARGET = 9.2;
				MTL_ENABLE_DEBUG_INFO = YES;
				ONLY_ACTIVE_ARCH = YES;
				SDKROOT = iphoneos;
			};
			name = Debug;
		};
		B7A8DD7B1CAE2BF2007F56B6 /* Release */ = {
			isa = XCBuildConfiguration;
			buildSettings = {
				ALWAYS_SEARCH_USER_PATHS = NO;
				CLANG_CXX_LANGUAGE_STANDARD = "gnu++0x";
				CLANG_CXX_LIBRARY = "libc++";
				CLANG_ENABLE_MODULES = YES;
				CLANG_ENABLE_OBJC_ARC = YES;
				CLANG_WARN_BOOL_CONVERSION = YES;
				CLANG_WARN_CONSTANT_CONVERSION = YES;
				CLANG_WARN_DIRECT_OBJC_ISA_USAGE = YES_ERROR;
				CLANG_WARN_EMPTY_BODY = YES;
				CLANG_WARN_ENUM_CONVERSION = YES;
				CLANG_WARN_INT_CONVERSION = YES;
				CLANG_WARN_OBJC_ROOT_CLASS = YES_ERROR;
				CLANG_WARN_UNREACHABLE_CODE = YES;
				CLANG_WARN__DUPLICATE_METHOD_MATCH = YES;
				"CODE_SIGN_IDENTITY[sdk=iphoneos*]" = "iPhone Developer";
				COPY_PHASE_STRIP = NO;
				DEBUG_INFORMATION_FORMAT = "dwarf-with-dsym";
				ENABLE_NS_ASSERTIONS = NO;
				ENABLE_STRICT_OBJC_MSGSEND = YES;
				GCC_C_LANGUAGE_STANDARD = gnu99;
				GCC_NO_COMMON_BLOCKS = YES;
				GCC_PREFIX_HEADER = "/Users/Ranosys/Documents/FinderApp/Finder_iPhoneApp/FinderApp/Supporting Files/Finder-Prefix.pch";
				GCC_WARN_64_TO_32_BIT_CONVERSION = YES;
				GCC_WARN_ABOUT_RETURN_TYPE = YES_ERROR;
				GCC_WARN_UNDECLARED_SELECTOR = YES;
				GCC_WARN_UNINITIALIZED_AUTOS = YES_AGGRESSIVE;
				GCC_WARN_UNUSED_FUNCTION = YES;
				GCC_WARN_UNUSED_VARIABLE = YES;
				IPHONEOS_DEPLOYMENT_TARGET = 9.2;
				MTL_ENABLE_DEBUG_INFO = NO;
				SDKROOT = iphoneos;
				VALIDATE_PRODUCT = YES;
			};
			name = Release;
		};
		B7A8DD7D1CAE2BF2007F56B6 /* Debug */ = {
			isa = XCBuildConfiguration;
			baseConfigurationReference = C05F8A8FD36EE5AC5DD42364 /* Pods.debug.xcconfig */;
			buildSettings = {
				ASSETCATALOG_COMPILER_APPICON_NAME = AppIcon;
				CODE_SIGN_IDENTITY = "iPhone Developer";
				GCC_PREFIX_HEADER = "/Users/Ranosys/Documents/FinderApp/Finder_iPhoneApp/FinderApp/Supporting Files/Finder-Prefix.pch";
				INFOPLIST_FILE = "$(SRCROOT)/FinderApp/Supporting Files/Info.plist";
				IPHONEOS_DEPLOYMENT_TARGET = 8.0;
				LD_RUNPATH_SEARCH_PATHS = "$(inherited) @executable_path/Frameworks";
				PRODUCT_BUNDLE_IDENTIFIER = com.ranosys.finder;
				PRODUCT_NAME = Finder_iPhoneApp;
			};
			name = Debug;
		};
		B7A8DD7E1CAE2BF2007F56B6 /* Release */ = {
			isa = XCBuildConfiguration;
			baseConfigurationReference = 3BC11A7BA5B0C8C8355243E8 /* Pods.release.xcconfig */;
			buildSettings = {
				ASSETCATALOG_COMPILER_APPICON_NAME = AppIcon;
				CODE_SIGN_IDENTITY = "iPhone Developer";
				GCC_PREFIX_HEADER = "/Users/Ranosys/Documents/FinderApp/Finder_iPhoneApp/FinderApp/Supporting Files/Finder-Prefix.pch";
				INFOPLIST_FILE = "$(SRCROOT)/FinderApp/Supporting Files/Info.plist";
				IPHONEOS_DEPLOYMENT_TARGET = 8.0;
				LD_RUNPATH_SEARCH_PATHS = "$(inherited) @executable_path/Frameworks";
				PRODUCT_BUNDLE_IDENTIFIER = com.ranosys.finder;
				PRODUCT_NAME = Finder_iPhoneApp;
			};
			name = Release;
		};
/* End XCBuildConfiguration section */

/* Begin XCConfigurationList section */
		B7A8DD601CAE2BF2007F56B6 /* Build configuration list for PBXProject "Finder_iPhoneApp" */ = {
			isa = XCConfigurationList;
			buildConfigurations = (
				B7A8DD7A1CAE2BF2007F56B6 /* Debug */,
				B7A8DD7B1CAE2BF2007F56B6 /* Release */,
			);
			defaultConfigurationIsVisible = 0;
			defaultConfigurationName = Release;
		};
		B7A8DD7C1CAE2BF2007F56B6 /* Build configuration list for PBXNativeTarget "Finder_iPhoneApp" */ = {
			isa = XCConfigurationList;
			buildConfigurations = (
				B7A8DD7D1CAE2BF2007F56B6 /* Debug */,
				B7A8DD7E1CAE2BF2007F56B6 /* Release */,
			);
			defaultConfigurationIsVisible = 0;
			defaultConfigurationName = Release;
		};
/* End XCConfigurationList section */
	};
	rootObject = B7A8DD5D1CAE2BF2007F56B6 /* Project object */;
}
